
Microsoft Visual Studio Solution File, Format Version 12.00
# Visual Studio Version 16
VisualStudioVersion = 16.0.33328.57
MinimumVisualStudioVersion = 10.0.40219.1
Project("{FAE04EC0-301F-11D3-BF4B-00C04F79EFBC}") = "pageLogin", "pageLogin\pageLogin.csproj", "{7DE455B6-91AA-4192-92C8-2D560636A648}"
EndProject
Global
	GlobalSection(SolutionConfigurationPlatforms) = preSolution
		Debug|Any CPU = Debug|Any CPU
		Release|Any CPU = Release|Any CPU
	EndGlobalSection
	GlobalSection(ProjectConfigurationPlatforms) = postSolution
		{7DE455B6-91AA-4192-92C8-2D560636A648}.Debug|Any CPU.ActiveCfg = Debug|Any CPU
		{7DE455B6-91AA-4192-92C8-2D560636A648}.Debug|Any CPU.Build.0 = Debug|Any CPU
		{7DE455B6-91AA-4192-92C8-2D560636A648}.Release|Any CPU.ActiveCfg = Release|Any CPU
		{7DE455B6-91AA-4192-92C8-2D560636A648}.Release|Any CPU.Build.0 = Release|Any CPU
	EndGlobalSection
	GlobalSection(SolutionProperties) = preSolution
		HideSolutionNode = FALSE
	EndGlobalSection
	GlobalSection(ExtensibilityGlobals) = postSolution
		SolutionGuid = {FBE2B4C5-CB4B-4D21-91C8-A5688AF46752}
	EndGlobalSection
EndGlobal
